
Microsoft Visual Studio Solution File, Format Version 12.00
# Visual Studio Version 17
VisualStudioVersion = 17.1.32421.90
MinimumVisualStudioVersion = 10.0.40219.1
Project("{FAE04EC0-301F-11D3-BF4B-00C04F79EFBC}") = "Projects", "Projects\Projects.csproj", "{955A1239-FD85-4D3E-864A-D3EDF5722758}"
EndProject
Global
	GlobalSection(SolutionConfigurationPlatforms) = preSolution
		Debug|Any CPU = Debug|Any CPU
		Release|Any CPU = Release|Any CPU
	EndGlobalSection
	GlobalSection(ProjectConfigurationPlatforms) = postSolution
		{955A1239-FD85-4D3E-864A-D3EDF5722758}.Debug|Any CPU.ActiveCfg = Debug|Any CPU
		{955A1239-FD85-4D3E-864A-D3EDF5722758}.Debug|Any CPU.Build.0 = Debug|Any CPU
		{955A1239-FD85-4D3E-864A-D3EDF5722758}.Release|Any CPU.ActiveCfg = Release|Any CPU
		{955A1239-FD85-4D3E-864A-D3EDF5722758}.Release|Any CPU.Build.0 = Release|Any CPU
	EndGlobalSection
	GlobalSection(SolutionProperties) = preSolution
		HideSolutionNode = FALSE
	EndGlobalSection
	GlobalSection(ExtensibilityGlobals) = postSolution
		SolutionGuid = {5290451C-A519-4BFB-A63E-33A5A135781F}
	EndGlobalSection
EndGlobal
